
Microsoft Visual Studio Solution File, Format Version 12.00
# Visual Studio Version 17
VisualStudioVersion = 17.0.31903.59
MinimumVisualStudioVersion = 10.0.40219.1
Project("{FAE04EC0-301F-11D3-BF4B-00C04F79EFBC}") = "SmartThings.Godot", "SmartThings.Godot.csproj", "{AABBCCDD-1234-5678-9ABC-DEF012345678}"
EndProject
Project("{FAE04EC0-301F-11D3-BF4B-00C04F79EFBC}") = "SmartThings.Abstraction", "..\SmartThings.Abstraction\SmartThings.Abstraction.csproj", "{11223344-5566-7788-99AA-BBCCDDEEFF00}"
EndProject
Global
	GlobalSection(SolutionConfigurationPlatforms) = preSolution
		Debug|Any CPU = Debug|Any CPU
		ExportDebug|Any CPU = ExportDebug|Any CPU
		ExportRelease|Any CPU = ExportRelease|Any CPU
	EndGlobalSection
	GlobalSection(ProjectConfigurationPlatforms) = postSolution
		{AABBCCDD-1234-5678-9ABC-DEF012345678}.Debug|Any CPU.ActiveCfg = Debug|Any CPU
		{AABBCCDD-1234-5678-9ABC-DEF012345678}.Debug|Any CPU.Build.0 = Debug|Any CPU
		{AABBCCDD-1234-5678-9ABC-DEF012345678}.ExportDebug|Any CPU.ActiveCfg = ExportDebug|Any CPU
		{AABBCCDD-1234-5678-9ABC-DEF012345678}.ExportDebug|Any CPU.Build.0 = ExportDebug|Any CPU
		{AABBCCDD-1234-5678-9ABC-DEF012345678}.ExportRelease|Any CPU.ActiveCfg = ExportRelease|Any CPU
		{AABBCCDD-1234-5678-9ABC-DEF012345678}.ExportRelease|Any CPU.Build.0 = ExportRelease|Any CPU
		{11223344-5566-7788-99AA-BBCCDDEEFF00}.Debug|Any CPU.ActiveCfg = Debug|Any CPU
		{11223344-5566-7788-99AA-BBCCDDEEFF00}.Debug|Any CPU.Build.0 = Debug|Any CPU
		{11223344-5566-7788-99AA-BBCCDDEEFF00}.ExportDebug|Any CPU.ActiveCfg = Debug|Any CPU
		{11223344-5566-7788-99AA-BBCCDDEEFF00}.ExportDebug|Any CPU.Build.0 = Debug|Any CPU
		{11223344-5566-7788-99AA-BBCCDDEEFF00}.ExportRelease|Any CPU.ActiveCfg = Debug|Any CPU
		{11223344-5566-7788-99AA-BBCCDDEEFF00}.ExportRelease|Any CPU.Build.0 = Debug|Any CPU
	EndGlobalSection
EndGlobal
